
Microsoft Visual Studio Solution File, Format Version 12.00
# Visual Studio 15
VisualStudioVersion = 15.0.28307.705
MinimumVisualStudioVersion = 10.0.40219.1
Project("{FAE04EC0-301F-11D3-BF4B-00C04F79EFBC}") = "MastermindGame", "MastermindGame\MastermindGame.csproj", "{8E006146-C52B-44E5-8087-46DE7B868CF9}"
EndProject
Global
	GlobalSection(SolutionConfigurationPlatforms) = preSolution
		Debug|Any CPU = Debug|Any CPU
		Release|Any CPU = Release|Any CPU
	EndGlobalSection
	GlobalSection(ProjectConfigurationPlatforms) = postSolution
		{8E006146-C52B-44E5-8087-46DE7B868CF9}.Debug|Any CPU.ActiveCfg = Debug|Any CPU
		{8E006146-C52B-44E5-8087-46DE7B868CF9}.Debug|Any CPU.Build.0 = Debug|Any CPU
		{8E006146-C52B-44E5-8087-46DE7B868CF9}.Release|Any CPU.ActiveCfg = Release|Any CPU
		{8E006146-C52B-44E5-8087-46DE7B868CF9}.Release|Any CPU.Build.0 = Release|Any CPU
	EndGlobalSection
	GlobalSection(SolutionProperties) = preSolution
		HideSolutionNode = FALSE
	EndGlobalSection
	GlobalSection(ExtensibilityGlobals) = postSolution
		SolutionGuid = {E59A144D-EE33-4BB3-80A0-E8F407C866D8}
	EndGlobalSection
EndGlobal
